
Microsoft Visual Studio Solution File, Format Version 12.00
# Visual Studio Version 16
VisualStudioVersion = 16.0.30225.117
MinimumVisualStudioVersion = 10.0.40219.1
Project("{FAE04EC0-301F-11D3-BF4B-00C04F79EFBC}") = "WindowsFormsApp1", "WindowsFormsApp1\WindowsFormsApp1.csproj", "{2F05B354-0D6E-462F-BDF3-98497FCFE06A}"
EndProject
Global
	GlobalSection(SolutionConfigurationPlatforms) = preSolution
		Debug|Any CPU = Debug|Any CPU
		Release|Any CPU = Release|Any CPU
	EndGlobalSection
	GlobalSection(ProjectConfigurationPlatforms) = postSolution
		{2F05B354-0D6E-462F-BDF3-98497FCFE06A}.Debug|Any CPU.ActiveCfg = Debug|Any CPU
		{2F05B354-0D6E-462F-BDF3-98497FCFE06A}.Debug|Any CPU.Build.0 = Debug|Any CPU
		{2F05B354-0D6E-462F-BDF3-98497FCFE06A}.Release|Any CPU.ActiveCfg = Release|Any CPU
		{2F05B354-0D6E-462F-BDF3-98497FCFE06A}.Release|Any CPU.Build.0 = Release|Any CPU
	EndGlobalSection
	GlobalSection(SolutionProperties) = preSolution
		HideSolutionNode = FALSE
	EndGlobalSection
	GlobalSection(ExtensibilityGlobals) = postSolution
		SolutionGuid = {E30053A7-8D8C-482F-BF58-904704BA2C80}
	EndGlobalSection
EndGlobal
